Microsoft Visual Studio Solution File, Format Version 12.00
# Visual Studio 2013
VisualStudioVersion = 12.0.31101.0
MinimumVisualStudioVersion = 10.0.40219.1
Project("{F184B08F-C81C-45F6-A57F-5ABD9991F28F}") = "Col.Santa.Ana 2.0", "Col.Santa.Ana 2.0.vbproj", "{9F7C6D8C-C9F4-4AFA-A105-8B5F12476C9C}"
EndProject
Project("{F184B08F-C81C-45F6-A57F-5ABD9991F28F}") = "colegioReportes", "..\colegioReportes\colegioReportes.vbproj", "{8702106D-EAB6-4D63-8A3B-177878F77DB1}"
EndProject
Project("{6141683F-8A12-4E36-9623-2EB02B2C2303}") = "SetupCSA_colegio", "SetupCSA_colegio\SetupCSA_colegio.isproj", "{42D7AD7C-B156-4E3C-AE33-C16B4ECB6B58}"
	ProjectSection(ProjectDependencies) = postProject
		{9F7C6D8C-C9F4-4AFA-A105-8B5F12476C9C} = {9F7C6D8C-C9F4-4AFA-A105-8B5F12476C9C}
	EndProjectSection
EndProject
Global
	GlobalSection(SolutionConfigurationPlatforms) = preSolution
		Debug|Any CPU = Debug|Any CPU
		Release|Any CPU = Release|Any CPU
		SingleImage|Any CPU = SingleImage|Any CPU
	EndGlobalSection
	GlobalSection(ProjectConfigurationPlatforms) = postSolution
		{9F7C6D8C-C9F4-4AFA-A105-8B5F12476C9C}.Debug|Any CPU.ActiveCfg = Debug|Any CPU
		{9F7C6D8C-C9F4-4AFA-A105-8B5F12476C9C}.Debug|Any CPU.Build.0 = Debug|Any CPU
		{9F7C6D8C-C9F4-4AFA-A105-8B5F12476C9C}.Release|Any CPU.ActiveCfg = Release|Any CPU
		{9F7C6D8C-C9F4-4AFA-A105-8B5F12476C9C}.Release|Any CPU.Build.0 = Release|Any CPU
		{9F7C6D8C-C9F4-4AFA-A105-8B5F12476C9C}.SingleImage|Any CPU.ActiveCfg = Release|Any CPU
		{9F7C6D8C-C9F4-4AFA-A105-8B5F12476C9C}.SingleImage|Any CPU.Build.0 = Release|Any CPU
		{8702106D-EAB6-4D63-8A3B-177878F77DB1}.Debug|Any CPU.ActiveCfg = Debug|Any CPU
		{8702106D-EAB6-4D63-8A3B-177878F77DB1}.Debug|Any CPU.Build.0 = Debug|Any CPU
		{8702106D-EAB6-4D63-8A3B-177878F77DB1}.Release|Any CPU.ActiveCfg = Release|Any CPU
		{8702106D-EAB6-4D63-8A3B-177878F77DB1}.Release|Any CPU.Build.0 = Release|Any CPU
		{8702106D-EAB6-4D63-8A3B-177878F77DB1}.SingleImage|Any CPU.ActiveCfg = Release|Any CPU
		{8702106D-EAB6-4D63-8A3B-177878F77DB1}.SingleImage|Any CPU.Build.0 = Release|Any CPU
		{42D7AD7C-B156-4E3C-AE33-C16B4ECB6B58}.Debug|Any CPU.ActiveCfg = SingleImage
		{42D7AD7C-B156-4E3C-AE33-C16B4ECB6B58}.Debug|Any CPU.Build.0 = SingleImage
		{42D7AD7C-B156-4E3C-AE33-C16B4ECB6B58}.Release|Any CPU.ActiveCfg = SingleImage
		{42D7AD7C-B156-4E3C-AE33-C16B4ECB6B58}.Release|Any CPU.Build.0 = SingleImage
		{42D7AD7C-B156-4E3C-AE33-C16B4ECB6B58}.SingleImage|Any CPU.ActiveCfg = SingleImage
		{42D7AD7C-B156-4E3C-AE33-C16B4ECB6B58}.SingleImage|Any CPU.Build.0 = SingleImage
	EndGlobalSection
	GlobalSection(SolutionProperties) = preSolution
		HideSolutionNode = FALSE
	EndGlobalSection
EndGlobal
